
Microsoft Visual Studio Solution File, Format Version 12.00
# Visual Studio Version 17
VisualStudioVersion = 17.1.32210.238
MinimumVisualStudioVersion = 10.0.40219.1
Project("{8BC9CEB8-8B4A-11D0-8D11-00A0C91BC942}") = "164 project", "164 project\164 project.vcxproj", "{67E319BD-4A18-4CDE-9BAC-48BC0AB1DEDB}"
EndProject
Global
	GlobalSection(SolutionConfigurationPlatforms) = preSolution
		Debug|x64 = Debug|x64
		Debug|x86 = Debug|x86
		Release|x64 = Release|x64
		Release|x86 = Release|x86
	EndGlobalSection
	GlobalSection(ProjectConfigurationPlatforms) = postSolution
		{67E319BD-4A18-4CDE-9BAC-48BC0AB1DEDB}.Debug|x64.ActiveCfg = Debug|x64
		{67E319BD-4A18-4CDE-9BAC-48BC0AB1DEDB}.Debug|x64.Build.0 = Debug|x64
		{67E319BD-4A18-4CDE-9BAC-48BC0AB1DEDB}.Debug|x86.ActiveCfg = Debug|Win32
		{67E319BD-4A18-4CDE-9BAC-48BC0AB1DEDB}.Debug|x86.Build.0 = Debug|Win32
		{67E319BD-4A18-4CDE-9BAC-48BC0AB1DEDB}.Release|x64.ActiveCfg = Release|x64
		{67E319BD-4A18-4CDE-9BAC-48BC0AB1DEDB}.Release|x64.Build.0 = Release|x64
		{67E319BD-4A18-4CDE-9BAC-48BC0AB1DEDB}.Release|x86.ActiveCfg = Release|Win32
		{67E319BD-4A18-4CDE-9BAC-48BC0AB1DEDB}.Release|x86.Build.0 = Release|Win32
	EndGlobalSection
	GlobalSection(SolutionProperties) = preSolution
		HideSolutionNode = FALSE
	EndGlobalSection
	GlobalSection(ExtensibilityGlobals) = postSolution
		SolutionGuid = {CE9D387B-AE77-4D5A-A978-E375EBB412E5}
	EndGlobalSection
EndGlobal
